<?xml version="1.0" encoding="UTF-8" standalone="yes" ?>
<CodeBlocks_project_file>
	<FileVersion major="1" minor="6" />
	<Project>
		<Option title="cb_config" />
		<Option pch_mode="2" />
		<Option compiler="msvc" />
		<Build>
			<Target title="MSVC_Debug">
				<Option output=".cmp/msvc/bin/Debug/cb_configd" prefix_auto="1" extension_auto="1" />
				<Option object_output=".cmp/msvc/obj/Debug/" />
				<Option type="0" />
				<Option compiler="msvc" />
				<Option projectLinkerOptionsRelation="2" />
				<Compiler>
					<Add option="/MDd" />
					<Add option="/Od" />
					<Add option="/RTCsu" />
					<Add option="/Fd$(TARGET_OUTPUT_DIR)$(TARGET_OUTPUT_BASENAME).pdb" />
					<Add option="/GF" />
					<Add option="/EHsc" />
					<Add option="/W3" />
					<Add option="`$(CPDE_USR)\bin\wx-config.exe --prefix=$(#wx) --wxcfg=$(#wx.debug) --cxxflags`" />
					<Add option="/D_CRT_SECURE_NO_WARNINGS" />
					<Add option="/D_CRT_NONSTDC_NO_DEPRECATE" />
					<Add option="/D_CRT_SECURE_DEPRECATE" />
					<Add directory="./" />
				</Compiler>
				<Linker>
					<Add option="`$(CPDE_USR)\bin\wx-config.exe  --prefix=$(#wx) --wxcfg=$(#wx.debug) --libs`" />
					<Add option="/SUBSYSTEM:WINDOWS" />
					<Add option="/NODEFAULTLIB:libcmt.lib" />
					<Add option="/NODEFAULTLIB:msvcrt.lib" />
					<Add option="/INCREMENTAL:NO" />
					<Add library="msvcrtd.lib" />
				</Linker>
			</Target>
			<Target title="MSVC_Release">
				<Option output=".cmp/msvc/bin/Release/cb_config" prefix_auto="1" extension_auto="1" />
				<Option object_output=".cmp/msvc/obj/Release/" />
				<Option type="0" />
				<Option compiler="msvc" />
				<Option projectLinkerOptionsRelation="2" />
				<Compiler>
					<Add option="/MD" />
					<Add option="/GF" />
					<Add option="/Ox" />
					<Add option="/W3" />
					<Add option="/EHsc" />
					<Add option="`$(CPDE_USR)\bin\wx-config.exe --prefix=$(#wx) --wxcfg=$(#wx.release) --cxxflags`" />
					<Add option="/D_CRT_SECURE_NO_WARNINGS" />
					<Add option="/D_CRT_NONSTDC_NO_DEPRECATE" />
					<Add option="/D_CRT_SECURE_DEPRECATE" />
					<Add directory="./" />
				</Compiler>
				<Linker>
					<Add option="`$(CPDE_USR)\bin\wx-config.exe  --prefix=$(#wx) --wxcfg=$(#wx.release) --libs`" />
					<Add option="/SUBSYSTEM:WINDOWS" />
					<Add option="/NODEFAULTLIB:libcmtd.lib" />
					<Add option="/NODEFAULTLIB:msvcrtd.lib" />
					<Add option="/INCREMENTAL:NO" />
					<Add library="msvcrt.lib" />
				</Linker>
				<ExtraCommands>
					<Add after="mt.exe /nologo /manifest $(TARGET_OUTPUT_FILE).manifest /outputresource:$(TARGET_OUTPUT_FILE);1" />
					<Add after="$(CPDE_USR)\bin\cpde_usr -bin -xi -project=$(PROJECT_NAME)  -root=$(PROJECT_DIR)  -build=$(TARGET_NAME)  -target=$(TARGET_OUTPUT_FILE)  -usr=$(CPDE_USR)" />
					<Mode after="always" />
				</ExtraCommands>
			</Target>
			<Target title="GCC_Debug">
				<Option output=".cmp/gcc/cb_configd" prefix_auto="0" extension_auto="1" />
				<Option object_output=".cmp/gcc/obj/Debug/" />
				<Option type="0" />
				<Option compiler="gcc_generic" />
				<Option projectLinkerOptionsRelation="2" />
				<Compiler>
					<Add option="-std=c++11" />
					<Add option="-W" />
					<Add option="-fPIC" />
					<Add option="-fexceptions" />
					<Add option="-g" />
					<Add option="`$(#wx.config) --cxxflags --debug`" />
					<Add option="-DNOPCH" />
					<Add option="-D_DEBUG" />
					<Add directory="./" />
				</Compiler>
				<Linker>
					<Add option="`$(#wx.config) --libs std,aui --static --debug`" />
				</Linker>
			</Target>
			<Target title="GCC_Release">
				<Option output=".cmp/gcc/cb_config" prefix_auto="0" extension_auto="1" />
				<Option object_output=".cmp/gcc/obj/Release/" />
				<Option type="0" />
				<Option compiler="gcc_generic" />
				<Option projectLinkerOptionsRelation="2" />
				<Compiler>
					<Add option="-std=c++11" />
					<Add option="-W" />
					<Add option="-fPIC" />
					<Add option="-fexceptions" />
					<Add option="-Os" />
					<Add option="`$(#wx.config) --cxxflags`" />
					<Add option="-DNOPCH" />
					<Add directory="./" />
				</Compiler>
				<Linker>
					<Add option="`$(#wx.config) --libs std,aui --static`" />
				</Linker>
				<ExtraCommands>
					<Add before="rm -f $(TARGET_OUTPUT_FILE)" />
					<Add after="$(CPDE_USR)/bin/cpde_usr -bin -xi -project=$(PROJECT_NAME)  -root=$(PROJECT_DIR)  -build=$(TARGET_NAME)  -target=$(TARGET_OUTPUT_FILE)  -usr=$(CPDE_USR)" />
					<Mode after="always" />
				</ExtraCommands>
			</Target>
		</Build>
		<Compiler>
			<Add directory="$(CPDE_USR)/include" />
		</Compiler>
		<ResourceCompiler>
			<Add directory="$(#wx)/include" />
		</ResourceCompiler>
		<Linker>
			<Add directory="$(CPDE_USR)/lib" />
		</Linker>
		<Unit filename="SelectPanel.cpp" />
		<Unit filename="SelectPanel.h" />
		<Unit filename="cb_configApp.cpp" />
		<Unit filename="cb_configApp.h" />
		<Unit filename="cb_configMain.cpp" />
		<Unit filename="cb_configMain.h" />
		<Unit filename="resource.rc">
			<Option compilerVar="WINDRES" />
		</Unit>
		<Unit filename="wxProcessList.cpp" />
		<Unit filename="wxProcessList.h" />
		<Unit filename="wxml_node.cpp" />
		<Unit filename="wxml_node.h" />
		<Unit filename="wxml_tree.cpp" />
		<Unit filename="wxml_tree.h" />
		<Unit filename="wxsmith/SelectPanel.wxs" />
		<Unit filename="wxsmith/cb_configframe.wxs" />
		<Extensions>
			<wxsmith version="1">
				<gui name="wxWidgets" src="cb_configApp.cpp" main="cb_configFrame" init_handlers="necessary" language="CPP" />
				<resources>
					<wxFrame wxs="wxsmith/cb_configframe.wxs" src="cb_configMain.cpp" hdr="cb_configMain.h" fwddecl="0" i18n="1" name="cb_configFrame" language="CPP" />
					<wxPanel wxs="wxsmith/SelectPanel.wxs" src="SelectPanel.cpp" hdr="SelectPanel.h" fwddecl="0" i18n="1" name="SelectPanel" language="CPP" />
				</resources>
			</wxsmith>
		</Extensions>
	</Project>
</CodeBlocks_project_file>
