<?xml version="1.0" encoding="UTF-8" standalone="yes" ?>
<CodeBlocks_project_file>
	<FileVersion major="1" minor="6" />
	<Project>
		<Option title="cpde_pwiz" />
		<Option pch_mode="2" />
		<Option compiler="msvc" />
		<Build>
			<Target title="MSVC_Debug">
				<Option output=".cmp/msvc/bin/Debug/cpde_pwiz" prefix_auto="1" extension_auto="1" />
				<Option object_output=".cmp/msvc/obj/Debug/" />
				<Option type="0" />
				<Option compiler="msvc" />
				<Option projectLinkerOptionsRelation="2" />
				<Compiler>
					<Add option="/MDd" />
					<Add option="/Od" />
					<Add option="/RTCsu" />
					<Add option="/GF" />
					<Add option="/EHsc" />
					<Add option="/W3" />
					<Add option="`$(CPDE_USR)\bin\wx-config.exe --prefix=$(#wx) --wxcfg=$(#wx.debug) --cxxflags`" />
					<Add option="/Fd$(TARGET_OUTPUT_DIR)$(TARGET_OUTPUT_BASENAME).pdb" />
					<Add option="/D_CRT_SECURE_NO_WARNINGS" />
					<Add option="/D_CRT_NONSTDC_NO_DEPRECATE" />
					<Add option="/D_CRT_SECURE_DEPRECATE" />
				</Compiler>
				<ResourceCompiler>
					<Add directory="$(#wx)/lib/vc_lib/mswd" />
				</ResourceCompiler>
				<Linker>
					<Add option="`$(CPDE_USR)\bin\wx-config.exe --prefix=$(#wx) --wxcfg=$(#wx.debug) --libs`" />
					<Add option="/SUBSYSTEM:WINDOWS" />
					<Add option="/NODEFAULTLIB:libcmt.lib" />
					<Add option="/NODEFAULTLIB:msvcrt.lib" />
					<Add option="/INCREMENTAL:NO" />
					<Add library="msvcrtd.lib" />
				</Linker>
			</Target>
			<Target title="MSVC_Release">
				<Option output=".cmp/msvc/bin/Release/cpde_pwiz" prefix_auto="1" extension_auto="1" />
				<Option object_output=".cmp/msvc/obj/Release/" />
				<Option type="0" />
				<Option compiler="msvc" />
				<Option projectLinkerOptionsRelation="2" />
				<Compiler>
					<Add option="/MD" />
					<Add option="/GF" />
					<Add option="/Ox" />
					<Add option="/W3" />
					<Add option="/EHsc" />
					<Add option="`$(CPDE_USR)\bin\wx-config.exe --prefix=$(#wx) --wxcfg=$(#wx.release) --cxxflags`" />
					<Add option="/Fd$(TARGET_OUTPUT_DIR)$(TARGET_OUTPUT_BASENAME).pdb" />
					<Add option="/D_CRT_SECURE_NO_WARNINGS" />
					<Add option="/D_CRT_NONSTDC_NO_DEPRECATE" />
					<Add option="/D_CRT_SECURE_DEPRECATE" />
				</Compiler>
				<ResourceCompiler>
					<Add directory="$(#wx)/lib/vc_lib/msw" />
				</ResourceCompiler>
				<Linker>
					<Add option="`$(CPDE_USR)\bin\wx-config.exe --prefix=$(#wx) --wxcfg=$(#wx.release) --libs`" />
					<Add option="/SUBSYSTEM:WINDOWS" />
					<Add option="/NODEFAULTLIB:libcmtd.lib" />
					<Add option="/NODEFAULTLIB:msvcrtd.lib" />
					<Add option="/INCREMENTAL:NO" />
					<Add library="msvcrt.lib" />
				</Linker>
				<ExtraCommands>
					<Add after="mt.exe /nologo /manifest $(TARGET_OUTPUT_FILE).manifest /outputresource:$(TARGET_OUTPUT_FILE);1" />
					<Add after="$(CPDE_USR)\bin\cpde_usr -bin -xi -project=$(PROJECT_NAME)  -root=$(PROJECT_DIR)  -build=$(TARGET_NAME)  -target=$(TARGET_OUTPUT_FILE)  -usr=$(CPDE_USR)" />
				</ExtraCommands>
			</Target>
			<Target title="GCC_Debug">
				<Option output=".cmp/gcc/bin/Debug/cpde_pwizd" prefix_auto="1" extension_auto="1" />
				<Option object_output=".cmp/gcc/obj/Debug/" />
				<Option type="1" />
				<Option compiler="gcc_generic" />
				<Compiler>
					<Add option="-std=c++0x" />
					<Add option="-g" />
					<Add option="-W" />
					<Add option="-fPIC" />
					<Add option="-fexceptions" />
					<Add option="`$(#wx.config) --cxxflags --debug`" />
					<Add option="-DNOPCH" />
					<Add option="-D_DEBUG" />
				</Compiler>
				<Linker>
					<Add option="`$(#wx.config) --libs std,aui  --static --debug`" />
					<Add library="X11" />
					<Add library="cairo" />
				</Linker>
			</Target>
			<Target title="GCC_Release">
				<Option output=".cmp/gcc/bin/Release/cpde_pwiz" prefix_auto="1" extension_auto="1" />
				<Option object_output=".cmp/gcc/obj/Release/" />
				<Option type="0" />
				<Option compiler="gcc_generic" />
				<Option projectLinkerOptionsRelation="2" />
				<Compiler>
					<Add option="-Os" />
					<Add option="-std=c++0x" />
					<Add option="-W" />
					<Add option="-fPIC" />
					<Add option="-fexceptions" />
					<Add option="`$(#wx.config) --cxxflags`" />
					<Add option="-DNOPCH" />
				</Compiler>
				<Linker>
					<Add option="-s" />
					<Add option="`$(#wx.config) --libs std,aui --static`" />
					<Add library="X11" />
					<Add library="cairo" />
				</Linker>
				<ExtraCommands>
					<Add before="rm -f $(TARGET_OUTPUT_FILE)" />
					<Add after="upx $(TARGET_OUTPUT_FILE)" />
					<Add after="$(CPDE_USR)/bin/cpde_usr -bin -xi -project=$(PROJECT_NAME)  -root=$(PROJECT_DIR)  -build=$(TARGET_NAME)  -target=$(TARGET_OUTPUT_FILE)  -usr=$(CPDE_USR)" />
					<Mode after="always" />
				</ExtraCommands>
			</Target>
		</Build>
		<Compiler>
			<Add directory="$(#wx)/include" />
			<Add directory="$(#wx)/contrib/include" />
			<Add directory="$(CPDE_USR)/include" />
		</Compiler>
		<ResourceCompiler>
			<Add directory="$(#wx)/include" />
		</ResourceCompiler>
		<Linker>
			<Add directory="$(CPDE_USR)/lib" />
		</Linker>
		<Unit filename="cpde_pwizApp.cpp" />
		<Unit filename="cpde_pwizApp.h" />
		<Unit filename="cpde_pwizMain.cpp" />
		<Unit filename="cpde_pwizMain.h" />
		<Unit filename="cpde_wizard.cpp" />
		<Unit filename="cpde_wizard.h" />
		<Unit filename="file_utils.cpp" />
		<Unit filename="file_utils.h" />
		<Unit filename="images/pwiz_16x16.ico" />
		<Unit filename="images/pwiz_16x16.xpm" />
		<Unit filename="images/pwiz_32x32.xpm" />
		<Unit filename="images/pwiz_64x64.xpm" />
		<Unit filename="resource.rc">
			<Option compilerVar="WINDRES" />
		</Unit>
		<Unit filename="wxsmith/cpde_pwizdialog.wxs" />
		<Extensions>
			<code_completion />
			<envvars />
			<debugger />
			<lib_finder disable_auto="1" />
			<wxsmith version="1">
				<gui name="wxWidgets" src="cpde_pwizApp.cpp" main="cpde_pwizDialog" init_handlers="necessary" language="CPP" />
				<resources>
					<wxDialog wxs="wxsmith/cpde_pwizdialog.wxs" src="cpde_pwizMain.cpp" hdr="cpde_pwizMain.h" fwddecl="0" i18n="1" name="cpde_pwizDialog" language="CPP" />
				</resources>
			</wxsmith>
		</Extensions>
	</Project>
</CodeBlocks_project_file>
